
Microsoft Visual Studio Solution File, Format Version 12.00
Project("{FAE04EC0-301F-11D3-BF4B-00C04F79EFBC}") = "S01E07-HeapSort", "S01E07-HeapSort\S01E07-HeapSort.csproj", "{C968F098-0B35-4EB5-AFB6-ECF720279A82}"
EndProject
Global
	GlobalSection(SolutionConfigurationPlatforms) = preSolution
		Debug|Any CPU = Debug|Any CPU
		Release|Any CPU = Release|Any CPU
	EndGlobalSection
	GlobalSection(ProjectConfigurationPlatforms) = postSolution
		{C968F098-0B35-4EB5-AFB6-ECF720279A82}.Debug|Any CPU.ActiveCfg = Debug|Any CPU
		{C968F098-0B35-4EB5-AFB6-ECF720279A82}.Debug|Any CPU.Build.0 = Debug|Any CPU
		{C968F098-0B35-4EB5-AFB6-ECF720279A82}.Release|Any CPU.ActiveCfg = Release|Any CPU
		{C968F098-0B35-4EB5-AFB6-ECF720279A82}.Release|Any CPU.Build.0 = Release|Any CPU
	EndGlobalSection
EndGlobal
